// !$*UTF8*$!
{
	archiveVersion = 1;
	classes = {
	};
	objectVersion = 50;
	objects = {

/* Begin PBXBuildFile section */
		A76557202201B50B00C7627C /* HandDetector.swift in Sources */ = {isa = PBXBuildFile; fileRef = A765571F2201B50B00C7627C /* HandDetector.swift */; };
		A76557222202001100C7627C /* PlaneNode.swift in Sources */ = {isa = PBXBuildFile; fileRef = A76557212202001100C7627C /* PlaneNode.swift */; };
		A7A9EF4621F9F77E00604D4F /* AppDelegate.swift in Sources */ = {isa = PBXBuildFile; fileRef = A7A9EF4521F9F77E00604D4F /* AppDelegate.swift */; };
		A7A9EF4821F9F77E00604D4F /* art.scnassets in Resources */ = {isa = PBXBuildFile; fileRef = A7A9EF4721F9F77E00604D4F /* art.scnassets */; };
		A7A9EF4A21F9F77F00604D4F /* ViewController.swift in Sources */ = {isa = PBXBuildFile; fileRef = A7A9EF4921F9F77F00604D4F /* ViewController.swift */; };
		A7A9EF5221F9F78200604D4F /* LaunchScreen.storyboard in Resources */ = {isa = PBXBuildFile; fileRef = A7A9EF5021F9F78200604D4F /* LaunchScreen.storyboard */; };
		A7A9EF6021FA05FE00604D4F /* HandModel.mlmodel in Sources */ = {isa = PBXBuildFile; fileRef = A7A9EF5F21FA05FE00604D4F /* HandModel.mlmodel */; };
		A7A9EF6521FA156500604D4F /* CVPixelBuffer+Helpers.swift in Sources */ = {isa = PBXBuildFile; fileRef = A7A9EF6421FA156500604D4F /* CVPixelBuffer+Helpers.swift */; };
		A7A9EF6721FF513800604D4F /* ARViewController.swift in Sources */ = {isa = PBXBuildFile; fileRef = A7A9EF6621FF513800604D4F /* ARViewController.swift */; };
/* End PBXBuildFile section */

/* Begin PBXFileReference section */
		A765571F2201B50B00C7627C /* HandDetector.swift */ = {isa = PBXFileReference; lastKnownFileType = sourcecode.swift; path = HandDetector.swift; sourceTree = "<group>"; };
		A76557212202001100C7627C /* PlaneNode.swift */ = {isa = PBXFileReference; lastKnownFileType = sourcecode.swift; path = PlaneNode.swift; sourceTree = "<group>"; };
		A7A9EF4221F9F77E00604D4F /* ARML.app */ = {isa = PBXFileReference; explicitFileType = wrapper.application; includeInIndex = 0; path = ARML.app; sourceTree = BUILT_PRODUCTS_DIR; };
		A7A9EF4521F9F77E00604D4F /* AppDelegate.swift */ = {isa = PBXFileReference; lastKnownFileType = sourcecode.swift; path = AppDelegate.swift; sourceTree = "<group>"; };
		A7A9EF4721F9F77E00604D4F /* art.scnassets */ = {isa = PBXFileReference; lastKnownFileType = wrapper.scnassets; path = art.scnassets; sourceTree = "<group>"; };
		A7A9EF4921F9F77F00604D4F /* ViewController.swift */ = {isa = PBXFileReference; lastKnownFileType = sourcecode.swift; path = ViewController.swift; sourceTree = "<group>"; };
		A7A9EF5121F9F78200604D4F /* Base */ = {isa = PBXFileReference; lastKnownFileType = file.storyboard; name = Base; path = Base.lproj/LaunchScreen.storyboard; sourceTree = "<group>"; };
		A7A9EF5321F9F78200604D4F /* Info.plist */ = {isa = PBXFileReference; lastKnownFileType = text.plist.xml; path = Info.plist; sourceTree = "<group>"; };
		A7A9EF5A21F9FB5500604D4F /* Assets.xcassets */ = {isa = PBXFileReference; lastKnownFileType = folder.assetcatalog; path = Assets.xcassets; sourceTree = "<group>"; };
		A7A9EF5F21FA05FE00604D4F /* HandModel.mlmodel */ = {isa = PBXFileReference; lastKnownFileType = file.mlmodel; path = HandModel.mlmodel; sourceTree = "<group>"; };
		A7A9EF6421FA156500604D4F /* CVPixelBuffer+Helpers.swift */ = {isa = PBXFileReference; lastKnownFileType = sourcecode.swift; path = "CVPixelBuffer+Helpers.swift"; sourceTree = "<group>"; };
		A7A9EF6621FF513800604D4F /* ARViewController.swift */ = {isa = PBXFileReference; lastKnownFileType = sourcecode.swift; path = ARViewController.swift; sourceTree = "<group>"; };
/* End PBXFileReference section */

/* Begin PBXFrameworksBuildPhase section */
		A7A9EF3F21F9F77E00604D4F /* Frameworks */ = {
			isa = PBXFrameworksBuildPhase;
			buildActionMask = 2147483647;
			files = (
			);
			runOnlyForDeploymentPostprocessing = 0;
		};
/* End PBXFrameworksBuildPhase section */

/* Begin PBXGroup section */
		A7A9EF3921F9F77E00604D4F = {
			isa = PBXGroup;
			children = (
				A7A9EF4421F9F77E00604D4F /* ARML */,
				A7A9EF5D21F9FB9100604D4F /* Supporting Files */,
				A7A9EF4321F9F77E00604D4F /* Products */,
			);
			sourceTree = "<group>";
		};
		A7A9EF4321F9F77E00604D4F /* Products */ = {
			isa = PBXGroup;
			children = (
				A7A9EF4221F9F77E00604D4F /* ARML.app */,
			);
			name = Products;
			sourceTree = "<group>";
		};
		A7A9EF4421F9F77E00604D4F /* ARML */ = {
			isa = PBXGroup;
			children = (
				A7A9EF4521F9F77E00604D4F /* AppDelegate.swift */,
				A7A9EF5B21F9FB7800604D4F /* Classes */,
				A7A9EF5921F9FB4500604D4F /* Ressources */,
			);
			path = ARML;
			sourceTree = "<group>";
		};
		A7A9EF5921F9FB4500604D4F /* Ressources */ = {
			isa = PBXGroup;
			children = (
				A7A9EF5E21FA05FE00604D4F /* CoreML */,
				A7A9EF5021F9F78200604D4F /* LaunchScreen.storyboard */,
				A7A9EF5A21F9FB5500604D4F /* Assets.xcassets */,
				A7A9EF4721F9F77E00604D4F /* art.scnassets */,
			);
			path = Ressources;
			sourceTree = "<group>";
		};
		A7A9EF5B21F9FB7800604D4F /* Classes */ = {
			isa = PBXGroup;
			children = (
				A7A9EF6121FA0F8500604D4F /* Helpers */,
				A7A9EF4921F9F77F00604D4F /* ViewController.swift */,
				A7A9EF6621FF513800604D4F /* ARViewController.swift */,
				A765571F2201B50B00C7627C /* HandDetector.swift */,
				A76557212202001100C7627C /* PlaneNode.swift */,
			);
			path = Classes;
			sourceTree = "<group>";
		};
		A7A9EF5D21F9FB9100604D4F /* Supporting Files */ = {
			isa = PBXGroup;
			children = (
				A7A9EF5321F9F78200604D4F /* Info.plist */,
			);
			path = "Supporting Files";
			sourceTree = "<group>";
		};
		A7A9EF5E21FA05FE00604D4F /* CoreML */ = {
			isa = PBXGroup;
			children = (
				A7A9EF5F21FA05FE00604D4F /* HandModel.mlmodel */,
			);
			path = CoreML;
			sourceTree = "<group>";
		};
		A7A9EF6121FA0F8500604D4F /* Helpers */ = {
			isa = PBXGroup;
			children = (
				A7A9EF6421FA156500604D4F /* CVPixelBuffer+Helpers.swift */,
			);
			path = Helpers;
			sourceTree = "<group>";
		};
/* End PBXGroup section */

/* Begin PBXNativeTarget section */
		A7A9EF4121F9F77E00604D4F /* ARML */ = {
			isa = PBXNativeTarget;
			buildConfigurationList = A7A9EF5621F9F78200604D4F /* Build configuration list for PBXNativeTarget "ARML" */;
			buildPhases = (
				A7A9EF3E21F9F77E00604D4F /* Sources */,
				A7A9EF3F21F9F77E00604D4F /* Frameworks */,
				A7A9EF4021F9F77E00604D4F /* Resources */,
			);
			buildRules = (
			);
			dependencies = (
			);
			name = ARML;
			productName = ARML;
			productReference = A7A9EF4221F9F77E00604D4F /* ARML.app */;
			productType = "com.apple.product-type.application";
		};
/* End PBXNativeTarget section */

/* Begin PBXProject section */
		A7A9EF3A21F9F77E00604D4F /* Project object */ = {
			isa = PBXProject;
			attributes = {
				LastSwiftUpdateCheck = 1010;
				LastUpgradeCheck = 1010;
				ORGANIZATIONNAME = viseo;
				TargetAttributes = {
					A7A9EF4121F9F77E00604D4F = {
						CreatedOnToolsVersion = 10.1;
					};
				};
			};
			buildConfigurationList = A7A9EF3D21F9F77E00604D4F /* Build configuration list for PBXProject "ARML" */;
			compatibilityVersion = "Xcode 9.3";
			developmentRegion = en;
			hasScannedForEncodings = 0;
			knownRegions = (
				en,
				Base,
			);
			mainGroup = A7A9EF3921F9F77E00604D4F;
			productRefGroup = A7A9EF4321F9F77E00604D4F /* Products */;
			projectDirPath = "";
			projectRoot = "";
			targets = (
				A7A9EF4121F9F77E00604D4F /* ARML */,
			);
		};
/* End PBXProject section */

/* Begin PBXResourcesBuildPhase section */
		A7A9EF4021F9F77E00604D4F /* Resources */ = {
			isa = PBXResourcesBuildPhase;
			buildActionMask = 2147483647;
			files = (
				A7A9EF4821F9F77E00604D4F /* art.scnassets in Resources */,
				A7A9EF5221F9F78200604D4F /* LaunchScreen.storyboard in Resources */,
			);
			runOnlyForDeploymentPostprocessing = 0;
		};
/* End PBXResourcesBuildPhase section */

/* Begin PBXSourcesBuildPhase section */
		A7A9EF3E21F9F77E00604D4F /* Sources */ = {
			isa = PBXSourcesBuildPhase;
			buildActionMask = 2147483647;
			files = (
				A76557222202001100C7627C /* PlaneNode.swift in Sources */,
				A7A9EF6021FA05FE00604D4F /* HandModel.mlmodel in Sources */,
				A7A9EF6521FA156500604D4F /* CVPixelBuffer+Helpers.swift in Sources */,
				A7A9EF4A21F9F77F00604D4F /* ViewController.swift in Sources */,
				A7A9EF6721FF513800604D4F /* ARViewController.swift in Sources */,
				A7A9EF4621F9F77E00604D4F /* AppDelegate.swift in Sources */,
				A76557202201B50B00C7627C /* HandDetector.swift in Sources */,
			);
			runOnlyForDeploymentPostprocessing = 0;
		};
/* End PBXSourcesBuildPhase section */

/* Begin PBXVariantGroup section */
		A7A9EF5021F9F78200604D4F /* LaunchScreen.storyboard */ = {
			isa = PBXVariantGroup;
			children = (
				A7A9EF5121F9F78200604D4F /* Base */,
			);
			name = LaunchScreen.storyboard;
			sourceTree = "<group>";
		};
/* End PBXVariantGroup section */

/* Begin XCBuildConfiguration section */
		A7A9EF5421F9F78200604D4F /* Debug */ = {
			isa = XCBuildConfiguration;
			buildSettings = {
				ALWAYS_SEARCH_USER_PATHS = NO;
				CLANG_ANALYZER_NONNULL = YES;
				CLANG_ANALYZER_NUMBER_OBJECT_CONVERSION = YES_AGGRESSIVE;
				CLANG_CXX_LANGUAGE_STANDARD = "gnu++14";
				CLANG_CXX_LIBRARY = "libc++";
				CLANG_ENABLE_MODULES = YES;
				CLANG_ENABLE_OBJC_ARC = YES;
				CLANG_ENABLE_OBJC_WEAK = YES;
				CLANG_WARN_BLOCK_CAPTURE_AUTORELEASING = YES;
				CLANG_WARN_BOOL_CONVERSION = YES;
				CLANG_WARN_COMMA = YES;
				CLANG_WARN_CONSTANT_CONVERSION = YES;
				CLANG_WARN_DEPRECATED_OBJC_IMPLEMENTATIONS = YES;
				CLANG_WARN_DIRECT_OBJC_ISA_USAGE = YES_ERROR;
				CLANG_WARN_DOCUMENTATION_COMMENTS = YES;
				CLANG_WARN_EMPTY_BODY = YES;
				CLANG_WARN_ENUM_CONVERSION = YES;
				CLANG_WARN_INFINITE_RECURSION = YES;
				CLANG_WARN_INT_CONVERSION = YES;
				CLANG_WARN_NON_LITERAL_NULL_CONVERSION = YES;
				CLANG_WARN_OBJC_IMPLICIT_RETAIN_SELF = YES;
				CLANG_WARN_OBJC_LITERAL_CONVERSION = YES;
				CLANG_WARN_OBJC_ROOT_CLASS = YES_ERROR;
				CLANG_WARN_RANGE_LOOP_ANALYSIS = YES;
				CLANG_WARN_STRICT_PROTOTYPES = YES;
				CLANG_WARN_SUSPICIOUS_MOVE = YES;
				CLANG_WARN_UNGUARDED_AVAILABILITY = YES_AGGRESSIVE;
				CLANG_WARN_UNREACHABLE_CODE = YES;
				CLANG_WARN__DUPLICATE_METHOD_MATCH = YES;
				CODE_SIGN_IDENTITY = "iPhone Developer";
				COPY_PHASE_STRIP = NO;
				DEBUG_INFORMATION_FORMAT = dwarf;
				ENABLE_STRICT_OBJC_MSGSEND = YES;
				ENABLE_TESTABILITY = YES;
				GCC_C_LANGUAGE_STANDARD = gnu11;
				GCC_DYNAMIC_NO_PIC = NO;
				GCC_NO_COMMON_BLOCKS = YES;
				GCC_OPTIMIZATION_LEVEL = 0;
				GCC_PREPROCESSOR_DEFINITIONS = (
					"DEBUG=1",
					"$(inherited)",
				);
				GCC_WARN_64_TO_32_BIT_CONVERSION = YES;
				GCC_WARN_ABOUT_RETURN_TYPE = YES_ERROR;
				GCC_WARN_UNDECLARED_SELECTOR = YES;
				GCC_WARN_UNINITIALIZED_AUTOS = YES_AGGRESSIVE;
				GCC_WARN_UNUSED_FUNCTION = YES;
				GCC_WARN_UNUSED_VARIABLE = YES;
				IPHONEOS_DEPLOYMENT_TARGET = 12.1;
				MTL_ENABLE_DEBUG_INFO = INCLUDE_SOURCE;
				MTL_FAST_MATH = YES;
				ONLY_ACTIVE_ARCH = YES;
				SDKROOT = iphoneos;
				SWIFT_ACTIVE_COMPILATION_CONDITIONS = DEBUG;
				SWIFT_OPTIMIZATION_LEVEL = "-Onone";
			};
			name = Debug;
		};
		A7A9EF5521F9F78200604D4F /* Release */ = {
			isa = XCBuildConfiguration;
			buildSettings = {
				ALWAYS_SEARCH_USER_PATHS = NO;
				CLANG_ANALYZER_NONNULL = YES;
				CLANG_ANALYZER_NUMBER_OBJECT_CONVERSION = YES_AGGRESSIVE;
				CLANG_CXX_LANGUAGE_STANDARD = "gnu++14";
				CLANG_CXX_LIBRARY = "libc++";
				CLANG_ENABLE_MODULES = YES;
				CLANG_ENABLE_OBJC_ARC = YES;
				CLANG_ENABLE_OBJC_WEAK = YES;
				CLANG_WARN_BLOCK_CAPTURE_AUTORELEASING = YES;
				CLANG_WARN_BOOL_CONVERSION = YES;
				CLANG_WARN_COMMA = YES;
				CLANG_WARN_CONSTANT_CONVERSION = YES;
				CLANG_WARN_DEPRECATED_OBJC_IMPLEMENTATIONS = YES;
				CLANG_WARN_DIRECT_OBJC_ISA_USAGE = YES_ERROR;
				CLANG_WARN_DOCUMENTATION_COMMENTS = YES;
				CLANG_WARN_EMPTY_BODY = YES;
				CLANG_WARN_ENUM_CONVERSION = YES;
				CLANG_WARN_INFINITE_RECURSION = YES;
				CLANG_WARN_INT_CONVERSION = YES;
				CLANG_WARN_NON_LITERAL_NULL_CONVERSION = YES;
				CLANG_WARN_OBJC_IMPLICIT_RETAIN_SELF = YES;
				CLANG_WARN_OBJC_LITERAL_CONVERSION = YES;
				CLANG_WARN_OBJC_ROOT_CLASS = YES_ERROR;
				CLANG_WARN_RANGE_LOOP_ANALYSIS = YES;
				CLANG_WARN_STRICT_PROTOTYPES = YES;
				CLANG_WARN_SUSPICIOUS_MOVE = YES;
				CLANG_WARN_UNGUARDED_AVAILABILITY = YES_AGGRESSIVE;
				CLANG_WARN_UNREACHABLE_CODE = YES;
				CLANG_WARN__DUPLICATE_METHOD_MATCH = YES;
				CODE_SIGN_IDENTITY = "iPhone Developer";
				COPY_PHASE_STRIP = NO;
				DEBUG_INFORMATION_FORMAT = "dwarf-with-dsym";
				ENABLE_NS_ASSERTIONS = NO;
				ENABLE_STRICT_OBJC_MSGSEND = YES;
				GCC_C_LANGUAGE_STANDARD = gnu11;
				GCC_NO_COMMON_BLOCKS = YES;
				GCC_WARN_64_TO_32_BIT_CONVERSION = YES;
				GCC_WARN_ABOUT_RETURN_TYPE = YES_ERROR;
				GCC_WARN_UNDECLARED_SELECTOR = YES;
				GCC_WARN_UNINITIALIZED_AUTOS = YES_AGGRESSIVE;
				GCC_WARN_UNUSED_FUNCTION = YES;
				GCC_WARN_UNUSED_VARIABLE = YES;
				IPHONEOS_DEPLOYMENT_TARGET = 12.1;
				MTL_ENABLE_DEBUG_INFO = NO;
				MTL_FAST_MATH = YES;
				SDKROOT = iphoneos;
				SWIFT_COMPILATION_MODE = wholemodule;
				SWIFT_OPTIMIZATION_LEVEL = "-O";
				VALIDATE_PRODUCT = YES;
			};
			name = Release;
		};
		A7A9EF5721F9F78200604D4F /* Debug */ = {
			isa = XCBuildConfiguration;
			buildSettings = {
				ASSETCATALOG_COMPILER_APPICON_NAME = AppIcon;
				CODE_SIGN_STYLE = Automatic;
				DEVELOPMENT_TEAM = C35G5EW7P5;
				INFOPLIST_FILE = "$(SRCROOT)/Supporting Files/Info.plist";
				LD_RUNPATH_SEARCH_PATHS = (
					"$(inherited)",
					"@executable_path/Frameworks",
				);
				PRODUCT_BUNDLE_IDENTIFIER = com.viseo.ARML;
				PRODUCT_NAME = "$(TARGET_NAME)";
				SWIFT_VERSION = 4.2;
				TARGETED_DEVICE_FAMILY = "1,2";
			};
			name = Debug;
		};
		A7A9EF5821F9F78200604D4F /* Release */ = {
			isa = XCBuildConfiguration;
			buildSettings = {
				ASSETCATALOG_COMPILER_APPICON_NAME = AppIcon;
				CODE_SIGN_STYLE = Automatic;
				DEVELOPMENT_TEAM = C35G5EW7P5;
				INFOPLIST_FILE = "$(SRCROOT)/Supporting Files/Info.plist";
				LD_RUNPATH_SEARCH_PATHS = (
					"$(inherited)",
					"@executable_path/Frameworks",
				);
				PRODUCT_BUNDLE_IDENTIFIER = com.viseo.ARML;
				PRODUCT_NAME = "$(TARGET_NAME)";
				SWIFT_VERSION = 4.2;
				TARGETED_DEVICE_FAMILY = "1,2";
			};
			name = Release;
		};
/* End XCBuildConfiguration section */

/* Begin XCConfigurationList section */
		A7A9EF3D21F9F77E00604D4F /* Build configuration list for PBXProject "ARML" */ = {
			isa = XCConfigurationList;
			buildConfigurations = (
				A7A9EF5421F9F78200604D4F /* Debug */,
				A7A9EF5521F9F78200604D4F /* Release */,
			);
			defaultConfigurationIsVisible = 0;
			defaultConfigurationName = Release;
		};
		A7A9EF5621F9F78200604D4F /* Build configuration list for PBXNativeTarget "ARML" */ = {
			isa = XCConfigurationList;
			buildConfigurations = (
				A7A9EF5721F9F78200604D4F /* Debug */,
				A7A9EF5821F9F78200604D4F /* Release */,
			);
			defaultConfigurationIsVisible = 0;
			defaultConfigurationName = Release;
		};
/* End XCConfigurationList section */
	};
	rootObject = A7A9EF3A21F9F77E00604D4F /* Project object */;
}
